
Microsoft Visual Studio Solution File, Format Version 12.00
# Visual Studio Version 16
VisualStudioVersion = 16.0.29728.190
MinimumVisualStudioVersion = 10.0.40219.1
Project("{8BC9CEB8-8B4A-11D0-8D11-00A0C91BC942}") = "refactoring", "refactoring\refactoring.vcxproj", "{71529BDC-DFD1-4786-A041-76A27D8680BA}"
EndProject
Global
	GlobalSection(SolutionConfigurationPlatforms) = preSolution
		Debug|x64 = Debug|x64
		Debug|x86 = Debug|x86
		Release|x64 = Release|x64
		Release|x86 = Release|x86
	EndGlobalSection
	GlobalSection(ProjectConfigurationPlatforms) = postSolution
		{71529BDC-DFD1-4786-A041-76A27D8680BA}.Debug|x64.ActiveCfg = Debug|x64
		{71529BDC-DFD1-4786-A041-76A27D8680BA}.Debug|x64.Build.0 = Debug|x64
		{71529BDC-DFD1-4786-A041-76A27D8680BA}.Debug|x86.ActiveCfg = Debug|Win32
		{71529BDC-DFD1-4786-A041-76A27D8680BA}.Debug|x86.Build.0 = Debug|Win32
		{71529BDC-DFD1-4786-A041-76A27D8680BA}.Release|x64.ActiveCfg = Release|x64
		{71529BDC-DFD1-4786-A041-76A27D8680BA}.Release|x64.Build.0 = Release|x64
		{71529BDC-DFD1-4786-A041-76A27D8680BA}.Release|x86.ActiveCfg = Release|Win32
		{71529BDC-DFD1-4786-A041-76A27D8680BA}.Release|x86.Build.0 = Release|Win32
	EndGlobalSection
	GlobalSection(SolutionProperties) = preSolution
		HideSolutionNode = FALSE
	EndGlobalSection
	GlobalSection(ExtensibilityGlobals) = postSolution
		SolutionGuid = {8FB60765-A997-410F-814A-69BB5813321A}
	EndGlobalSection
EndGlobal
