
Microsoft Visual Studio Solution File, Format Version 12.00
# Visual Studio Version 16
VisualStudioVersion = 16.0.29728.190
MinimumVisualStudioVersion = 10.0.40219.1
Project("{8BC9CEB8-8B4A-11D0-8D11-00A0C91BC942}") = "vec", "vec\vec.vcxproj", "{75E5F82A-BEC5-4A12-98BB-FD890C95447E}"
EndProject
Global
	GlobalSection(SolutionConfigurationPlatforms) = preSolution
		Debug|x64 = Debug|x64
		Debug|x86 = Debug|x86
		Release|x64 = Release|x64
		Release|x86 = Release|x86
	EndGlobalSection
	GlobalSection(ProjectConfigurationPlatforms) = postSolution
		{75E5F82A-BEC5-4A12-98BB-FD890C95447E}.Debug|x64.ActiveCfg = Debug|x64
		{75E5F82A-BEC5-4A12-98BB-FD890C95447E}.Debug|x64.Build.0 = Debug|x64
		{75E5F82A-BEC5-4A12-98BB-FD890C95447E}.Debug|x86.ActiveCfg = Debug|Win32
		{75E5F82A-BEC5-4A12-98BB-FD890C95447E}.Debug|x86.Build.0 = Debug|Win32
		{75E5F82A-BEC5-4A12-98BB-FD890C95447E}.Release|x64.ActiveCfg = Release|x64
		{75E5F82A-BEC5-4A12-98BB-FD890C95447E}.Release|x64.Build.0 = Release|x64
		{75E5F82A-BEC5-4A12-98BB-FD890C95447E}.Release|x86.ActiveCfg = Release|Win32
		{75E5F82A-BEC5-4A12-98BB-FD890C95447E}.Release|x86.Build.0 = Release|Win32
	EndGlobalSection
	GlobalSection(SolutionProperties) = preSolution
		HideSolutionNode = FALSE
	EndGlobalSection
	GlobalSection(ExtensibilityGlobals) = postSolution
		SolutionGuid = {165BF695-D345-4564-8CD7-A520B1F8AD21}
	EndGlobalSection
EndGlobal
