
Microsoft Visual Studio Solution File, Format Version 12.00
# Visual Studio Version 16
VisualStudioVersion = 16.0.29519.87
MinimumVisualStudioVersion = 10.0.40219.1
Project("{8BC9CEB8-8B4A-11D0-8D11-00A0C91BC942}") = "Files", "Files\Files.vcxproj", "{E904A6B2-E01A-478B-95DD-FD047ACEF517}"
EndProject
Global
	GlobalSection(SolutionConfigurationPlatforms) = preSolution
		Debug|x64 = Debug|x64
		Debug|x86 = Debug|x86
		Release|x64 = Release|x64
		Release|x86 = Release|x86
	EndGlobalSection
	GlobalSection(ProjectConfigurationPlatforms) = postSolution
		{E904A6B2-E01A-478B-95DD-FD047ACEF517}.Debug|x64.ActiveCfg = Debug|x64
		{E904A6B2-E01A-478B-95DD-FD047ACEF517}.Debug|x64.Build.0 = Debug|x64
		{E904A6B2-E01A-478B-95DD-FD047ACEF517}.Debug|x86.ActiveCfg = Debug|Win32
		{E904A6B2-E01A-478B-95DD-FD047ACEF517}.Debug|x86.Build.0 = Debug|Win32
		{E904A6B2-E01A-478B-95DD-FD047ACEF517}.Release|x64.ActiveCfg = Release|x64
		{E904A6B2-E01A-478B-95DD-FD047ACEF517}.Release|x64.Build.0 = Release|x64
		{E904A6B2-E01A-478B-95DD-FD047ACEF517}.Release|x86.ActiveCfg = Release|Win32
		{E904A6B2-E01A-478B-95DD-FD047ACEF517}.Release|x86.Build.0 = Release|Win32
	EndGlobalSection
	GlobalSection(SolutionProperties) = preSolution
		HideSolutionNode = FALSE
	EndGlobalSection
	GlobalSection(ExtensibilityGlobals) = postSolution
		SolutionGuid = {3DC42DC3-FBD4-492F-A666-9AB81B5C7C4A}
	EndGlobalSection
EndGlobal
